// !$*UTF8*$!
{
	archiveVersion = 1;
	classes = {
	};
	objectVersion = 52;
	objects = {

/* Begin PBXBuildFile section */
		8F3D8A6F245080BF001D76CA /* CubicExampleTests.swift in Sources */ = {isa = PBXBuildFile; fileRef = 8F3D8A6E245080BF001D76CA /* CubicExampleTests.swift */; };
		8F3D8A772450924A001D76CA /* test.wav in Resources */ = {isa = PBXBuildFile; fileRef = 8F3D8A762450924A001D76CA /* test.wav */; };
		8F4B3D6B2424246F00FEA2F4 /* AppDelegate.swift in Sources */ = {isa = PBXBuildFile; fileRef = 8F4B3D6A2424246F00FEA2F4 /* AppDelegate.swift */; };
		8F4B3D6D2424246F00FEA2F4 /* SceneDelegate.swift in Sources */ = {isa = PBXBuildFile; fileRef = 8F4B3D6C2424246F00FEA2F4 /* SceneDelegate.swift */; };
		8F4B3D6F2424246F00FEA2F4 /* ViewController.swift in Sources */ = {isa = PBXBuildFile; fileRef = 8F4B3D6E2424246F00FEA2F4 /* ViewController.swift */; };
		8F4B3D722424246F00FEA2F4 /* Main.storyboard in Resources */ = {isa = PBXBuildFile; fileRef = 8F4B3D702424246F00FEA2F4 /* Main.storyboard */; };
		8F4B3D742424247000FEA2F4 /* Assets.xcassets in Resources */ = {isa = PBXBuildFile; fileRef = 8F4B3D732424247000FEA2F4 /* Assets.xcassets */; };
		8F4B3D772424247000FEA2F4 /* LaunchScreen.storyboard in Resources */ = {isa = PBXBuildFile; fileRef = 8F4B3D752424247000FEA2F4 /* LaunchScreen.storyboard */; };
		8F4B3D82242425D300FEA2F4 /* SettingsViewController.swift in Sources */ = {isa = PBXBuildFile; fileRef = 8F4B3D81242425D300FEA2F4 /* SettingsViewController.swift */; };
		8F4B3D842424262500FEA2F4 /* AudioRecorder.swift in Sources */ = {isa = PBXBuildFile; fileRef = 8F4B3D832424262500FEA2F4 /* AudioRecorder.swift */; };
		8F722699242442570087F98A /* Cubic in Frameworks */ = {isa = PBXBuildFile; productRef = 8F722698242442570087F98A /* Cubic */; };
		8F72269C2424C0A70087F98A /* Localizable.strings in Resources */ = {isa = PBXBuildFile; fileRef = 8F72269B2424C0A70087F98A /* Localizable.strings */; };
/* End PBXBuildFile section */

/* Begin PBXContainerItemProxy section */
		8F3D8A71245080BF001D76CA /* PBXContainerItemProxy */ = {
			isa = PBXContainerItemProxy;
			containerPortal = 8F4B3D5F2424246F00FEA2F4 /* Project object */;
			proxyType = 1;
			remoteGlobalIDString = 8F4B3D662424246F00FEA2F4;
			remoteInfo = CubicExample;
		};
/* End PBXContainerItemProxy section */

/* Begin PBXFileReference section */
		8F3D8A6C245080BF001D76CA /* CubicExampleTests.xctest */ = {isa = PBXFileReference; explicitFileType = wrapper.cfbundle; includeInIndex = 0; path = CubicExampleTests.xctest; sourceTree = BUILT_PRODUCTS_DIR; };
		8F3D8A6E245080BF001D76CA /* CubicExampleTests.swift */ = {isa = PBXFileReference; lastKnownFileType = sourcecode.swift; path = CubicExampleTests.swift; sourceTree = "<group>"; };
		8F3D8A70245080BF001D76CA /* Info.plist */ = {isa = PBXFileReference; lastKnownFileType = text.plist.xml; path = Info.plist; sourceTree = "<group>"; };
		8F3D8A762450924A001D76CA /* test.wav */ = {isa = PBXFileReference; lastKnownFileType = audio.wav; path = test.wav; sourceTree = "<group>"; };
		8F4B3D672424246F00FEA2F4 /* CubicExample.app */ = {isa = PBXFileReference; explicitFileType = wrapper.application; includeInIndex = 0; path = CubicExample.app; sourceTree = BUILT_PRODUCTS_DIR; };
		8F4B3D6A2424246F00FEA2F4 /* AppDelegate.swift */ = {isa = PBXFileReference; lastKnownFileType = sourcecode.swift; path = AppDelegate.swift; sourceTree = "<group>"; };
		8F4B3D6C2424246F00FEA2F4 /* SceneDelegate.swift */ = {isa = PBXFileReference; lastKnownFileType = sourcecode.swift; path = SceneDelegate.swift; sourceTree = "<group>"; };
		8F4B3D6E2424246F00FEA2F4 /* ViewController.swift */ = {isa = PBXFileReference; lastKnownFileType = sourcecode.swift; path = ViewController.swift; sourceTree = "<group>"; };
		8F4B3D712424246F00FEA2F4 /* Base */ = {isa = PBXFileReference; lastKnownFileType = file.storyboard; name = Base; path = Base.lproj/Main.storyboard; sourceTree = "<group>"; };
		8F4B3D732424247000FEA2F4 /* Assets.xcassets */ = {isa = PBXFileReference; lastKnownFileType = folder.assetcatalog; path = Assets.xcassets; sourceTree = "<group>"; };
		8F4B3D762424247000FEA2F4 /* Base */ = {isa = PBXFileReference; lastKnownFileType = file.storyboard; name = Base; path = Base.lproj/LaunchScreen.storyboard; sourceTree = "<group>"; };
		8F4B3D782424247000FEA2F4 /* Info.plist */ = {isa = PBXFileReference; lastKnownFileType = text.plist.xml; path = Info.plist; sourceTree = "<group>"; };
		8F4B3D81242425D300FEA2F4 /* SettingsViewController.swift */ = {isa = PBXFileReference; lastKnownFileType = sourcecode.swift; path = SettingsViewController.swift; sourceTree = "<group>"; };
		8F4B3D832424262500FEA2F4 /* AudioRecorder.swift */ = {isa = PBXFileReference; lastKnownFileType = sourcecode.swift; path = AudioRecorder.swift; sourceTree = "<group>"; };
		8F72269B2424C0A70087F98A /* Localizable.strings */ = {isa = PBXFileReference; lastKnownFileType = text.plist.strings; path = Localizable.strings; sourceTree = "<group>"; };
/* End PBXFileReference section */

/* Begin PBXFrameworksBuildPhase section */
		8F3D8A69245080BF001D76CA /* Frameworks */ = {
			isa = PBXFrameworksBuildPhase;
			buildActionMask = 2147483647;
			files = (
			);
			runOnlyForDeploymentPostprocessing = 0;
		};
		8F4B3D642424246F00FEA2F4 /* Frameworks */ = {
			isa = PBXFrameworksBuildPhase;
			buildActionMask = 2147483647;
			files = (
				8F722699242442570087F98A /* Cubic in Frameworks */,
			);
			runOnlyForDeploymentPostprocessing = 0;
		};
/* End PBXFrameworksBuildPhase section */

/* Begin PBXGroup section */
		8F3D8A6D245080BF001D76CA /* CubicExampleTests */ = {
			isa = PBXGroup;
			children = (
				8F3D8A762450924A001D76CA /* test.wav */,
				8F3D8A6E245080BF001D76CA /* CubicExampleTests.swift */,
				8F3D8A70245080BF001D76CA /* Info.plist */,
			);
			path = CubicExampleTests;
			sourceTree = "<group>";
		};
		8F4B3D5E2424246F00FEA2F4 = {
			isa = PBXGroup;
			children = (
				8F4B3D692424246F00FEA2F4 /* CubicExample */,
				8F72269A2424C08A0087F98A /* Resources */,
				8F3D8A6D245080BF001D76CA /* CubicExampleTests */,
				8F4B3D682424246F00FEA2F4 /* Products */,
			);
			sourceTree = "<group>";
		};
		8F4B3D682424246F00FEA2F4 /* Products */ = {
			isa = PBXGroup;
			children = (
				8F4B3D672424246F00FEA2F4 /* CubicExample.app */,
				8F3D8A6C245080BF001D76CA /* CubicExampleTests.xctest */,
			);
			name = Products;
			sourceTree = "<group>";
		};
		8F4B3D692424246F00FEA2F4 /* CubicExample */ = {
			isa = PBXGroup;
			children = (
				8F4B3D6A2424246F00FEA2F4 /* AppDelegate.swift */,
				8F4B3D6C2424246F00FEA2F4 /* SceneDelegate.swift */,
				8F4B3D6E2424246F00FEA2F4 /* ViewController.swift */,
				8F4B3D702424246F00FEA2F4 /* Main.storyboard */,
				8F4B3D732424247000FEA2F4 /* Assets.xcassets */,
				8F4B3D752424247000FEA2F4 /* LaunchScreen.storyboard */,
				8F4B3D782424247000FEA2F4 /* Info.plist */,
				8F4B3D81242425D300FEA2F4 /* SettingsViewController.swift */,
				8F4B3D832424262500FEA2F4 /* AudioRecorder.swift */,
			);
			path = CubicExample;
			sourceTree = "<group>";
		};
		8F72269A2424C08A0087F98A /* Resources */ = {
			isa = PBXGroup;
			children = (
				8F72269B2424C0A70087F98A /* Localizable.strings */,
			);
			path = Resources;
			sourceTree = "<group>";
		};
/* End PBXGroup section */

/* Begin PBXNativeTarget section */
		8F3D8A6B245080BF001D76CA /* CubicExampleTests */ = {
			isa = PBXNativeTarget;
			buildConfigurationList = 8F3D8A73245080BF001D76CA /* Build configuration list for PBXNativeTarget "CubicExampleTests" */;
			buildPhases = (
				8F3D8A68245080BF001D76CA /* Sources */,
				8F3D8A69245080BF001D76CA /* Frameworks */,
				8F3D8A6A245080BF001D76CA /* Resources */,
			);
			buildRules = (
			);
			dependencies = (
				8F3D8A72245080BF001D76CA /* PBXTargetDependency */,
			);
			name = CubicExampleTests;
			productName = CubicExampleTests;
			productReference = 8F3D8A6C245080BF001D76CA /* CubicExampleTests.xctest */;
			productType = "com.apple.product-type.bundle.unit-test";
		};
		8F4B3D662424246F00FEA2F4 /* CubicExample */ = {
			isa = PBXNativeTarget;
			buildConfigurationList = 8F4B3D7B2424247000FEA2F4 /* Build configuration list for PBXNativeTarget "CubicExample" */;
			buildPhases = (
				8F4B3D632424246F00FEA2F4 /* Sources */,
				8F4B3D642424246F00FEA2F4 /* Frameworks */,
				8F4B3D652424246F00FEA2F4 /* Resources */,
			);
			buildRules = (
			);
			dependencies = (
			);
			name = CubicExample;
			packageProductDependencies = (
				8F722698242442570087F98A /* Cubic */,
			);
			productName = CubicExample;
			productReference = 8F4B3D672424246F00FEA2F4 /* CubicExample.app */;
			productType = "com.apple.product-type.application";
		};
/* End PBXNativeTarget section */

/* Begin PBXProject section */
		8F4B3D5F2424246F00FEA2F4 /* Project object */ = {
			isa = PBXProject;
			attributes = {
				LastSwiftUpdateCheck = 1140;
				LastUpgradeCheck = 1130;
				ORGANIZATIONNAME = "Cobalt Speech and Language Inc.";
				TargetAttributes = {
					8F3D8A6B245080BF001D76CA = {
						CreatedOnToolsVersion = 11.4.1;
						TestTargetID = 8F4B3D662424246F00FEA2F4;
					};
					8F4B3D662424246F00FEA2F4 = {
						CreatedOnToolsVersion = 11.3.1;
					};
				};
			};
			buildConfigurationList = 8F4B3D622424246F00FEA2F4 /* Build configuration list for PBXProject "CubicExample" */;
			compatibilityVersion = "Xcode 9.3";
			developmentRegion = en;
			hasScannedForEncodings = 0;
			knownRegions = (
				en,
				Base,
			);
			mainGroup = 8F4B3D5E2424246F00FEA2F4;
			packageReferences = (
				8F722697242442570087F98A /* XCRemoteSwiftPackageReference "sdk-cubic" */,
			);
			productRefGroup = 8F4B3D682424246F00FEA2F4 /* Products */;
			projectDirPath = "";
			projectRoot = "";
			targets = (
				8F4B3D662424246F00FEA2F4 /* CubicExample */,
				8F3D8A6B245080BF001D76CA /* CubicExampleTests */,
			);
		};
/* End PBXProject section */

/* Begin PBXResourcesBuildPhase section */
		8F3D8A6A245080BF001D76CA /* Resources */ = {
			isa = PBXResourcesBuildPhase;
			buildActionMask = 2147483647;
			files = (
				8F3D8A772450924A001D76CA /* test.wav in Resources */,
			);
			runOnlyForDeploymentPostprocessing = 0;
		};
		8F4B3D652424246F00FEA2F4 /* Resources */ = {
			isa = PBXResourcesBuildPhase;
			buildActionMask = 2147483647;
			files = (
				8F4B3D772424247000FEA2F4 /* LaunchScreen.storyboard in Resources */,
				8F72269C2424C0A70087F98A /* Localizable.strings in Resources */,
				8F4B3D742424247000FEA2F4 /* Assets.xcassets in Resources */,
				8F4B3D722424246F00FEA2F4 /* Main.storyboard in Resources */,
			);
			runOnlyForDeploymentPostprocessing = 0;
		};
/* End PBXResourcesBuildPhase section */

/* Begin PBXSourcesBuildPhase section */
		8F3D8A68245080BF001D76CA /* Sources */ = {
			isa = PBXSourcesBuildPhase;
			buildActionMask = 2147483647;
			files = (
				8F3D8A6F245080BF001D76CA /* CubicExampleTests.swift in Sources */,
			);
			runOnlyForDeploymentPostprocessing = 0;
		};
		8F4B3D632424246F00FEA2F4 /* Sources */ = {
			isa = PBXSourcesBuildPhase;
			buildActionMask = 2147483647;
			files = (
				8F4B3D6F2424246F00FEA2F4 /* ViewController.swift in Sources */,
				8F4B3D6B2424246F00FEA2F4 /* AppDelegate.swift in Sources */,
				8F4B3D842424262500FEA2F4 /* AudioRecorder.swift in Sources */,
				8F4B3D6D2424246F00FEA2F4 /* SceneDelegate.swift in Sources */,
				8F4B3D82242425D300FEA2F4 /* SettingsViewController.swift in Sources */,
			);
			runOnlyForDeploymentPostprocessing = 0;
		};
/* End PBXSourcesBuildPhase section */

/* Begin PBXTargetDependency section */
		8F3D8A72245080BF001D76CA /* PBXTargetDependency */ = {
			isa = PBXTargetDependency;
			target = 8F4B3D662424246F00FEA2F4 /* CubicExample */;
			targetProxy = 8F3D8A71245080BF001D76CA /* PBXContainerItemProxy */;
		};
/* End PBXTargetDependency section */

/* Begin PBXVariantGroup section */
		8F4B3D702424246F00FEA2F4 /* Main.storyboard */ = {
			isa = PBXVariantGroup;
			children = (
				8F4B3D712424246F00FEA2F4 /* Base */,
			);
			name = Main.storyboard;
			sourceTree = "<group>";
		};
		8F4B3D752424247000FEA2F4 /* LaunchScreen.storyboard */ = {
			isa = PBXVariantGroup;
			children = (
				8F4B3D762424247000FEA2F4 /* Base */,
			);
			name = LaunchScreen.storyboard;
			sourceTree = "<group>";
		};
/* End PBXVariantGroup section */

/* Begin XCBuildConfiguration section */
		8F3D8A74245080BF001D76CA /* Debug */ = {
			isa = XCBuildConfiguration;
			buildSettings = {
				BUNDLE_LOADER = "$(TEST_HOST)";
				CODE_SIGN_IDENTITY = "Apple Development";
				"CODE_SIGN_IDENTITY[sdk=macosx*]" = "Apple Development";
				CODE_SIGN_STYLE = Manual;
				DEVELOPMENT_TEAM = "";
				INFOPLIST_FILE = CubicExampleTests/Info.plist;
				IPHONEOS_DEPLOYMENT_TARGET = 13.4;
				LD_RUNPATH_SEARCH_PATHS = (
					"$(inherited)",
					"@executable_path/Frameworks",
					"@loader_path/Frameworks",
				);
				PRODUCT_BUNDLE_IDENTIFIER = com.cobaltspeech.CubicExampleTests;
				PRODUCT_NAME = "$(TARGET_NAME)";
				PROVISIONING_PROFILE_SPECIFIER = "";
				"PROVISIONING_PROFILE_SPECIFIER[sdk=macosx*]" = "";
				SWIFT_VERSION = 5.0;
				TARGETED_DEVICE_FAMILY = "1,2";
				TEST_HOST = "$(BUILT_PRODUCTS_DIR)/CubicExample.app/CubicExample";
			};
			name = Debug;
		};
		8F3D8A75245080BF001D76CA /* Release */ = {
			isa = XCBuildConfiguration;
			buildSettings = {
				BUNDLE_LOADER = "$(TEST_HOST)";
				CODE_SIGN_IDENTITY = "Apple Development";
				"CODE_SIGN_IDENTITY[sdk=macosx*]" = "Apple Development";
				CODE_SIGN_STYLE = Manual;
				DEVELOPMENT_TEAM = "";
				INFOPLIST_FILE = CubicExampleTests/Info.plist;
				IPHONEOS_DEPLOYMENT_TARGET = 13.4;
				LD_RUNPATH_SEARCH_PATHS = (
					"$(inherited)",
					"@executable_path/Frameworks",
					"@loader_path/Frameworks",
				);
				PRODUCT_BUNDLE_IDENTIFIER = com.cobaltspeech.CubicExampleTests;
				PRODUCT_NAME = "$(TARGET_NAME)";
				PROVISIONING_PROFILE_SPECIFIER = "";
				"PROVISIONING_PROFILE_SPECIFIER[sdk=macosx*]" = "";
				SWIFT_VERSION = 5.0;
				TARGETED_DEVICE_FAMILY = "1,2";
				TEST_HOST = "$(BUILT_PRODUCTS_DIR)/CubicExample.app/CubicExample";
			};
			name = Release;
		};
		8F4B3D792424247000FEA2F4 /* Debug */ = {
			isa = XCBuildConfiguration;
			buildSettings = {
				ALWAYS_SEARCH_USER_PATHS = NO;
				CLANG_ANALYZER_NONNULL = YES;
				CLANG_ANALYZER_NUMBER_OBJECT_CONVERSION = YES_AGGRESSIVE;
				CLANG_CXX_LANGUAGE_STANDARD = "gnu++14";
				CLANG_CXX_LIBRARY = "libc++";
				CLANG_ENABLE_MODULES = YES;
				CLANG_ENABLE_OBJC_ARC = YES;
				CLANG_ENABLE_OBJC_WEAK = YES;
				CLANG_WARN_BLOCK_CAPTURE_AUTORELEASING = YES;
				CLANG_WARN_BOOL_CONVERSION = YES;
				CLANG_WARN_COMMA = YES;
				CLANG_WARN_CONSTANT_CONVERSION = YES;
				CLANG_WARN_DEPRECATED_OBJC_IMPLEMENTATIONS = YES;
				CLANG_WARN_DIRECT_OBJC_ISA_USAGE = YES_ERROR;
				CLANG_WARN_DOCUMENTATION_COMMENTS = YES;
				CLANG_WARN_EMPTY_BODY = YES;
				CLANG_WARN_ENUM_CONVERSION = YES;
				CLANG_WARN_INFINITE_RECURSION = YES;
				CLANG_WARN_INT_CONVERSION = YES;
				CLANG_WARN_NON_LITERAL_NULL_CONVERSION = YES;
				CLANG_WARN_OBJC_IMPLICIT_RETAIN_SELF = YES;
				CLANG_WARN_OBJC_LITERAL_CONVERSION = YES;
				CLANG_WARN_OBJC_ROOT_CLASS = YES_ERROR;
				CLANG_WARN_RANGE_LOOP_ANALYSIS = YES;
				CLANG_WARN_STRICT_PROTOTYPES = YES;
				CLANG_WARN_SUSPICIOUS_MOVE = YES;
				CLANG_WARN_UNGUARDED_AVAILABILITY = YES_AGGRESSIVE;
				CLANG_WARN_UNREACHABLE_CODE = YES;
				CLANG_WARN__DUPLICATE_METHOD_MATCH = YES;
				COPY_PHASE_STRIP = NO;
				DEBUG_INFORMATION_FORMAT = dwarf;
				ENABLE_STRICT_OBJC_MSGSEND = YES;
				ENABLE_TESTABILITY = YES;
				GCC_C_LANGUAGE_STANDARD = gnu11;
				GCC_DYNAMIC_NO_PIC = NO;
				GCC_NO_COMMON_BLOCKS = YES;
				GCC_OPTIMIZATION_LEVEL = 0;
				GCC_PREPROCESSOR_DEFINITIONS = (
					"DEBUG=1",
					"$(inherited)",
				);
				GCC_WARN_64_TO_32_BIT_CONVERSION = YES;
				GCC_WARN_ABOUT_RETURN_TYPE = YES_ERROR;
				GCC_WARN_UNDECLARED_SELECTOR = YES;
				GCC_WARN_UNINITIALIZED_AUTOS = YES_AGGRESSIVE;
				GCC_WARN_UNUSED_FUNCTION = YES;
				GCC_WARN_UNUSED_VARIABLE = YES;
				IPHONEOS_DEPLOYMENT_TARGET = 13.1;
				MTL_ENABLE_DEBUG_INFO = INCLUDE_SOURCE;
				MTL_FAST_MATH = YES;
				ONLY_ACTIVE_ARCH = YES;
				SDKROOT = iphoneos;
				SWIFT_ACTIVE_COMPILATION_CONDITIONS = DEBUG;
				SWIFT_OPTIMIZATION_LEVEL = "-Onone";
			};
			name = Debug;
		};
		8F4B3D7A2424247000FEA2F4 /* Release */ = {
			isa = XCBuildConfiguration;
			buildSettings = {
				ALWAYS_SEARCH_USER_PATHS = NO;
				CLANG_ANALYZER_NONNULL = YES;
				CLANG_ANALYZER_NUMBER_OBJECT_CONVERSION = YES_AGGRESSIVE;
				CLANG_CXX_LANGUAGE_STANDARD = "gnu++14";
				CLANG_CXX_LIBRARY = "libc++";
				CLANG_ENABLE_MODULES = YES;
				CLANG_ENABLE_OBJC_ARC = YES;
				CLANG_ENABLE_OBJC_WEAK = YES;
				CLANG_WARN_BLOCK_CAPTURE_AUTORELEASING = YES;
				CLANG_WARN_BOOL_CONVERSION = YES;
				CLANG_WARN_COMMA = YES;
				CLANG_WARN_CONSTANT_CONVERSION = YES;
				CLANG_WARN_DEPRECATED_OBJC_IMPLEMENTATIONS = YES;
				CLANG_WARN_DIRECT_OBJC_ISA_USAGE = YES_ERROR;
				CLANG_WARN_DOCUMENTATION_COMMENTS = YES;
				CLANG_WARN_EMPTY_BODY = YES;
				CLANG_WARN_ENUM_CONVERSION = YES;
				CLANG_WARN_INFINITE_RECURSION = YES;
				CLANG_WARN_INT_CONVERSION = YES;
				CLANG_WARN_NON_LITERAL_NULL_CONVERSION = YES;
				CLANG_WARN_OBJC_IMPLICIT_RETAIN_SELF = YES;
				CLANG_WARN_OBJC_LITERAL_CONVERSION = YES;
				CLANG_WARN_OBJC_ROOT_CLASS = YES_ERROR;
				CLANG_WARN_RANGE_LOOP_ANALYSIS = YES;
				CLANG_WARN_STRICT_PROTOTYPES = YES;
				CLANG_WARN_SUSPICIOUS_MOVE = YES;
				CLANG_WARN_UNGUARDED_AVAILABILITY = YES_AGGRESSIVE;
				CLANG_WARN_UNREACHABLE_CODE = YES;
				CLANG_WARN__DUPLICATE_METHOD_MATCH = YES;
				COPY_PHASE_STRIP = NO;
				DEBUG_INFORMATION_FORMAT = "dwarf-with-dsym";
				ENABLE_NS_ASSERTIONS = NO;
				ENABLE_STRICT_OBJC_MSGSEND = YES;
				GCC_C_LANGUAGE_STANDARD = gnu11;
				GCC_NO_COMMON_BLOCKS = YES;
				GCC_WARN_64_TO_32_BIT_CONVERSION = YES;
				GCC_WARN_ABOUT_RETURN_TYPE = YES_ERROR;
				GCC_WARN_UNDECLARED_SELECTOR = YES;
				GCC_WARN_UNINITIALIZED_AUTOS = YES_AGGRESSIVE;
				GCC_WARN_UNUSED_FUNCTION = YES;
				GCC_WARN_UNUSED_VARIABLE = YES;
				IPHONEOS_DEPLOYMENT_TARGET = 13.1;
				MTL_ENABLE_DEBUG_INFO = NO;
				MTL_FAST_MATH = YES;
				SDKROOT = iphoneos;
				SWIFT_COMPILATION_MODE = wholemodule;
				SWIFT_OPTIMIZATION_LEVEL = "-O";
				VALIDATE_PRODUCT = YES;
			};
			name = Release;
		};
		8F4B3D7C2424247000FEA2F4 /* Debug */ = {
			isa = XCBuildConfiguration;
			buildSettings = {
				ASSETCATALOG_COMPILER_APPICON_NAME = AppIcon;
				CODE_SIGN_STYLE = Manual;
				CURRENT_PROJECT_VERSION = 11;
				DEVELOPMENT_TEAM = "";
				INFOPLIST_FILE = CubicExample/Info.plist;
				IPHONEOS_DEPLOYMENT_TARGET = 13.1;
				LD_RUNPATH_SEARCH_PATHS = (
					"$(inherited)",
					"@executable_path/Frameworks",
				);
				PRODUCT_BUNDLE_IDENTIFIER = com.cobaltspeech.CubicDemo;
				PRODUCT_NAME = "$(TARGET_NAME)";
				PROVISIONING_PROFILE_SPECIFIER = "";
				SWIFT_VERSION = 5.0;
				TARGETED_DEVICE_FAMILY = "1,2";
			};
			name = Debug;
		};
		8F4B3D7D2424247000FEA2F4 /* Release */ = {
			isa = XCBuildConfiguration;
			buildSettings = {
				ASSETCATALOG_COMPILER_APPICON_NAME = AppIcon;
				CODE_SIGN_STYLE = Manual;
				CURRENT_PROJECT_VERSION = 11;
				DEVELOPMENT_TEAM = "";
				INFOPLIST_FILE = CubicExample/Info.plist;
				IPHONEOS_DEPLOYMENT_TARGET = 13.1;
				LD_RUNPATH_SEARCH_PATHS = (
					"$(inherited)",
					"@executable_path/Frameworks",
				);
				PRODUCT_BUNDLE_IDENTIFIER = com.cobaltspeech.CubicDemo;
				PRODUCT_NAME = "$(TARGET_NAME)";
				PROVISIONING_PROFILE_SPECIFIER = "";
				SWIFT_VERSION = 5.0;
				TARGETED_DEVICE_FAMILY = "1,2";
			};
			name = Release;
		};
/* End XCBuildConfiguration section */

/* Begin XCConfigurationList section */
		8F3D8A73245080BF001D76CA /* Build configuration list for PBXNativeTarget "CubicExampleTests" */ = {
			isa = XCConfigurationList;
			buildConfigurations = (
				8F3D8A74245080BF001D76CA /* Debug */,
				8F3D8A75245080BF001D76CA /* Release */,
			);
			defaultConfigurationIsVisible = 0;
			defaultConfigurationName = Release;
		};
		8F4B3D622424246F00FEA2F4 /* Build configuration list for PBXProject "CubicExample" */ = {
			isa = XCConfigurationList;
			buildConfigurations = (
				8F4B3D792424247000FEA2F4 /* Debug */,
				8F4B3D7A2424247000FEA2F4 /* Release */,
			);
			defaultConfigurationIsVisible = 0;
			defaultConfigurationName = Release;
		};
		8F4B3D7B2424247000FEA2F4 /* Build configuration list for PBXNativeTarget "CubicExample" */ = {
			isa = XCConfigurationList;
			buildConfigurations = (
				8F4B3D7C2424247000FEA2F4 /* Debug */,
				8F4B3D7D2424247000FEA2F4 /* Release */,
			);
			defaultConfigurationIsVisible = 0;
			defaultConfigurationName = Release;
		};
/* End XCConfigurationList section */

/* Begin XCRemoteSwiftPackageReference section */
		8F722697242442570087F98A /* XCRemoteSwiftPackageReference "sdk-cubic" */ = {
			isa = XCRemoteSwiftPackageReference;
			repositoryURL = "git@github.com:cobaltspeech/sdk-cubic.git";
			requirement = {
				kind = upToNextMajorVersion;
				minimumVersion = 1.4.0;
			};
		};
/* End XCRemoteSwiftPackageReference section */

/* Begin XCSwiftPackageProductDependency section */
		8F722698242442570087F98A /* Cubic */ = {
			isa = XCSwiftPackageProductDependency;
			package = 8F722697242442570087F98A /* XCRemoteSwiftPackageReference "sdk-cubic" */;
			productName = Cubic;
		};
/* End XCSwiftPackageProductDependency section */
	};
	rootObject = 8F4B3D5F2424246F00FEA2F4 /* Project object */;
}
